
Microsoft Visual Studio Solution File, Format Version 12.00
# Visual Studio Version 17
VisualStudioVersion = 17.10.35013.160
MinimumVisualStudioVersion = 10.0.40219.1
Project("{FAE04EC0-301F-11D3-BF4B-00C04F79EFBC}") = "magick-dotnet-impl", "magick-dotnet-impl.csproj", "{6BDB8294-28BB-4FA1-BE79-2C9F9F5B905E}"
EndProject
Global
	GlobalSection(SolutionConfigurationPlatforms) = preSolution
		Debug|Any CPU = Debug|Any CPU
		Release|Any CPU = Release|Any CPU
	EndGlobalSection
	GlobalSection(ProjectConfigurationPlatforms) = postSolution
		{6BDB8294-28BB-4FA1-BE79-2C9F9F5B905E}.Debug|Any CPU.ActiveCfg = Debug|Any CPU
		{6BDB8294-28BB-4FA1-BE79-2C9F9F5B905E}.Debug|Any CPU.Build.0 = Debug|Any CPU
		{6BDB8294-28BB-4FA1-BE79-2C9F9F5B905E}.Release|Any CPU.ActiveCfg = Release|Any CPU
		{6BDB8294-28BB-4FA1-BE79-2C9F9F5B905E}.Release|Any CPU.Build.0 = Release|Any CPU
	EndGlobalSection
	GlobalSection(SolutionProperties) = preSolution
		HideSolutionNode = FALSE
	EndGlobalSection
	GlobalSection(ExtensibilityGlobals) = postSolution
		SolutionGuid = {F45992B1-4A60-4456-8743-5ACE8CDBD823}
	EndGlobalSection
EndGlobal
